PODS:
  - RxSwift (4.1.1)
  - SwiftyJSON (4.0.0)

DEPENDENCIES:
  - RxSwift (from `https://github.com/ReactiveX/RxSwift.git`)
  - SwiftyJSON (from `https://github.com/SwiftyJSON/SwiftyJSON.git`)

EXTERNAL SOURCES:
  RxSwift:
    :git: https://github.com/ReactiveX/RxSwift.git
  SwiftyJSON:
    :git: https://github.com/SwiftyJSON/SwiftyJSON.git

CHECKOUT OPTIONS:
  RxSwift:
    :commit: 002333452a7dd29522849ae36fd72deabcd919bc
    :git: https://github.com/ReactiveX/RxSwift.git
  SwiftyJSON:
    :commit: fb67763f27990ba76a42bf412f848af5aef5e5ea
    :git: https://github.com/SwiftyJSON/SwiftyJSON.git

SPEC CHECKSUMS:
  RxSwift: d30eb7befc77548a8760ab095816926b064eaeb1
  SwiftyJSON: 8cd73b154950360d79292a8dc8c0d0a85d258930

PODFILE CHECKSUM: 6f8ae80cb855817977924f76dcd87ea6ba28f9ba

COCOAPODS: 1.4.0
